
Microsoft Visual Studio Solution File, Format Version 12.00
# Visual Studio Version 16
VisualStudioVersion = 16.0.31702.278
MinimumVisualStudioVersion = 10.0.40219.1
Project("{FAE04EC0-301F-11D3-BF4B-00C04F79EFBC}") = "BotigaWeb", "BotigaWeb.csproj", "{AAF758D0-C0A6-489F-A60F-005955EDB4CD}"
EndProject
Global
	GlobalSection(SolutionConfigurationPlatforms) = preSolution
		Debug|Any CPU = Debug|Any CPU
		Release|Any CPU = Release|Any CPU
	EndGlobalSection
	GlobalSection(ProjectConfigurationPlatforms) = postSolution
		{AAF758D0-C0A6-489F-A60F-005955EDB4CD}.Debug|Any CPU.ActiveCfg = Debug|Any CPU
		{AAF758D0-C0A6-489F-A60F-005955EDB4CD}.Debug|Any CPU.Build.0 = Debug|Any CPU
		{AAF758D0-C0A6-489F-A60F-005955EDB4CD}.Release|Any CPU.ActiveCfg = Release|Any CPU
		{AAF758D0-C0A6-489F-A60F-005955EDB4CD}.Release|Any CPU.Build.0 = Release|Any CPU
	EndGlobalSection
	GlobalSection(SolutionProperties) = preSolution
		HideSolutionNode = FALSE
	EndGlobalSection
	GlobalSection(ExtensibilityGlobals) = postSolution
		SolutionGuid = {39FD1BAF-6909-4A65-A5AE-60BC132F8F53}
	EndGlobalSection
EndGlobal
